
Microsoft Visual Studio Solution File, Format Version 12.00
# Visual Studio Version 16
VisualStudioVersion = 16.0.31402.337
MinimumVisualStudioVersion = 10.0.40219.1
Project("{FAE04EC0-301F-11D3-BF4B-00C04F79EFBC}") = "COVID-19 Vaccination System", "COVID-19 Vaccination System\COVID-19 Vaccination System.csproj", "{90600742-FBEC-4FFA-ABA1-5B7CA3FB0B53}"
EndProject
Global
	GlobalSection(SolutionConfigurationPlatforms) = preSolution
		Debug|Any CPU = Debug|Any CPU
		Release|Any CPU = Release|Any CPU
	EndGlobalSection
	GlobalSection(ProjectConfigurationPlatforms) = postSolution
		{90600742-FBEC-4FFA-ABA1-5B7CA3FB0B53}.Debug|Any CPU.ActiveCfg = Debug|Any CPU
		{90600742-FBEC-4FFA-ABA1-5B7CA3FB0B53}.Debug|Any CPU.Build.0 = Debug|Any CPU
		{90600742-FBEC-4FFA-ABA1-5B7CA3FB0B53}.Release|Any CPU.ActiveCfg = Release|Any CPU
		{90600742-FBEC-4FFA-ABA1-5B7CA3FB0B53}.Release|Any CPU.Build.0 = Release|Any CPU
	EndGlobalSection
	GlobalSection(SolutionProperties) = preSolution
		HideSolutionNode = FALSE
	EndGlobalSection
	GlobalSection(ExtensibilityGlobals) = postSolution
		SolutionGuid = {8B46EA1C-0426-48E0-980F-4CC40C0A4FF1}
	EndGlobalSection
EndGlobal
